
Microsoft Visual Studio Solution File, Format Version 12.00
# Visual Studio Version 16
VisualStudioVersion = 16.0.29613.14
MinimumVisualStudioVersion = 10.0.40219.1
Project("{9A19103F-16F7-4668-BE54-9A1E7A4F7556}") = "WDAC Wizard", "WDAC Wizard.csproj", "{0E7BFE11-6999-4855-B151-EAF52F571AAF}"
EndProject
Global
	GlobalSection(SolutionConfigurationPlatforms) = preSolution
		Debug|Any CPU = Debug|Any CPU
		Debug|ARM = Debug|ARM
		Debug|ARM64 = Debug|ARM64
		Debug|x64 = Debug|x64
		Debug|x86 = Debug|x86
		Release|Any CPU = Release|Any CPU
		Release|ARM = Release|ARM
		Release|ARM64 = Release|ARM64
		Release|x64 = Release|x64
		Release|x86 = Release|x86
	EndGlobalSection
	GlobalSection(ProjectConfigurationPlatforms) = postSolution
		{0E7BFE11-6999-4855-B151-EAF52F571AAF}.Debug|Any CPU.ActiveCfg = Debug|Any CPU
		{0E7BFE11-6999-4855-B151-EAF52F571AAF}.Debug|Any CPU.Build.0 = Debug|Any CPU
		{0E7BFE11-6999-4855-B151-EAF52F571AAF}.Debug|ARM.ActiveCfg = Debug|Any CPU
		{0E7BFE11-6999-4855-B151-EAF52F571AAF}.Debug|ARM.Build.0 = Debug|Any CPU
		{0E7BFE11-6999-4855-B151-EAF52F571AAF}.Debug|ARM64.ActiveCfg = Debug|Any CPU
		{0E7BFE11-6999-4855-B151-EAF52F571AAF}.Debug|ARM64.Build.0 = Debug|Any CPU
		{0E7BFE11-6999-4855-B151-EAF52F571AAF}.Debug|x64.ActiveCfg = Debug|Any CPU
		{0E7BFE11-6999-4855-B151-EAF52F571AAF}.Debug|x64.Build.0 = Debug|Any CPU
		{0E7BFE11-6999-4855-B151-EAF52F571AAF}.Debug|x86.ActiveCfg = Debug|Any CPU
		{0E7BFE11-6999-4855-B151-EAF52F571AAF}.Debug|x86.Build.0 = Debug|Any CPU
		{0E7BFE11-6999-4855-B151-EAF52F571AAF}.Release|Any CPU.ActiveCfg = Release|Any CPU
		{0E7BFE11-6999-4855-B151-EAF52F571AAF}.Release|Any CPU.Build.0 = Release|Any CPU
		{0E7BFE11-6999-4855-B151-EAF52F571AAF}.Release|ARM.ActiveCfg = Release|Any CPU
		{0E7BFE11-6999-4855-B151-EAF52F571AAF}.Release|ARM.Build.0 = Release|Any CPU
		{0E7BFE11-6999-4855-B151-EAF52F571AAF}.Release|ARM64.ActiveCfg = Release|Any CPU
		{0E7BFE11-6999-4855-B151-EAF52F571AAF}.Release|ARM64.Build.0 = Release|Any CPU
		{0E7BFE11-6999-4855-B151-EAF52F571AAF}.Release|x64.ActiveCfg = Release|Any CPU
		{0E7BFE11-6999-4855-B151-EAF52F571AAF}.Release|x64.Build.0 = Release|Any CPU
		{0E7BFE11-6999-4855-B151-EAF52F571AAF}.Release|x86.ActiveCfg = Release|Any CPU
		{0E7BFE11-6999-4855-B151-EAF52F571AAF}.Release|x86.Build.0 = Release|Any CPU
	EndGlobalSection
	GlobalSection(SolutionProperties) = preSolution
		HideSolutionNode = FALSE
	EndGlobalSection
	GlobalSection(ExtensibilityGlobals) = postSolution
		SolutionGuid = {14151D83-E712-4E34-8B98-E83F94F09895}
	EndGlobalSection
EndGlobal
